// !$*UTF8*$!
{
	archiveVersion = 1;
	classes = {
	};
	objectVersion = 46;
	objects = {

/* Begin PBXBuildFile section */
		53A30F4614AB15D100EE9299 /* ExpandableTree.h in Headers */ = {isa = PBXBuildFile; fileRef = 53A30F4514AB15D100EE9299 /* ExpandableTree.h */; };
		53A30F4A14AB163D00EE9299 /* ETExpandableTreeView.mm in Sources */ = {isa = PBXBuildFile; fileRef = 94A23FC614AA425F0071BE71 /* ETExpandableTreeView.mm */; };
		53A30F4B14AB163D00EE9299 /* ETExpandableTreeViewDelegate.mm in Sources */ = {isa = PBXBuildFile; fileRef = 94A2405D14AA4F7C0071BE71 /* ETExpandableTreeViewDelegate.mm */; };
		53A30F4D14AB163D00EE9299 /* Foundation.framework in Frameworks */ = {isa = PBXBuildFile; fileRef = 94A23F7014AA3F940071BE71 /* Foundation.framework */; };
		53A30F4F14AB163D00EE9299 /* ETExpandableTreeView.h in Headers */ = {isa = PBXBuildFile; fileRef = 94A23FC514AA425F0071BE71 /* ETExpandableTreeView.h */; };
		53A30F5014AB163D00EE9299 /* ETExpandableTreeViewDataSource.h in Headers */ = {isa = PBXBuildFile; fileRef = 94A2405A14AA4F7C0071BE71 /* ETExpandableTreeViewDataSource.h */; };
		53A30F5114AB163D00EE9299 /* ETExpandableTreeViewDelegate.h in Headers */ = {isa = PBXBuildFile; fileRef = 94A2405C14AA4F7C0071BE71 /* ETExpandableTreeViewDelegate.h */; };
		53A30F5214AB163D00EE9299 /* ExpandableTree.h in Headers */ = {isa = PBXBuildFile; fileRef = 53A30F4514AB15D100EE9299 /* ExpandableTree.h */; };
		53A30F6614AB2B6E00EE9299 /* ETExpandableTreeView+Testing.h in Headers */ = {isa = PBXBuildFile; fileRef = 53A30F6414AB2B6E00EE9299 /* ETExpandableTreeView+Testing.h */; };
		53A30F6714AB2B6E00EE9299 /* ETExpandableTreeView+Testing.h in Headers */ = {isa = PBXBuildFile; fileRef = 53A30F6414AB2B6E00EE9299 /* ETExpandableTreeView+Testing.h */; };
		53A30F6814AB2B6E00EE9299 /* ETExpandableTreeView+Testing.mm in Sources */ = {isa = PBXBuildFile; fileRef = 53A30F6514AB2B6E00EE9299 /* ETExpandableTreeView+Testing.mm */; };
		53A30F6914AB2B6E00EE9299 /* ETExpandableTreeView+Testing.mm in Sources */ = {isa = PBXBuildFile; fileRef = 53A30F6514AB2B6E00EE9299 /* ETExpandableTreeView+Testing.mm */; };
		94A23F7114AA3F940071BE71 /* Foundation.framework in Frameworks */ = {isa = PBXBuildFile; fileRef = 94A23F7014AA3F940071BE71 /* Foundation.framework */; };
		94A23FC714AA425F0071BE71 /* ETExpandableTreeView.h in Headers */ = {isa = PBXBuildFile; fileRef = 94A23FC514AA425F0071BE71 /* ETExpandableTreeView.h */; };
		94A23FC814AA425F0071BE71 /* ETExpandableTreeView.mm in Sources */ = {isa = PBXBuildFile; fileRef = 94A23FC614AA425F0071BE71 /* ETExpandableTreeView.mm */; };
		94A2405E14AA4F7C0071BE71 /* ETExpandableTreeViewDataSource.h in Headers */ = {isa = PBXBuildFile; fileRef = 94A2405A14AA4F7C0071BE71 /* ETExpandableTreeViewDataSource.h */; };
		94A2406014AA4F7C0071BE71 /* ETExpandableTreeViewDelegate.h in Headers */ = {isa = PBXBuildFile; fileRef = 94A2405C14AA4F7C0071BE71 /* ETExpandableTreeViewDelegate.h */; };
		94A2406114AA4F7C0071BE71 /* ETExpandableTreeViewDelegate.mm in Sources */ = {isa = PBXBuildFile; fileRef = 94A2405D14AA4F7C0071BE71 /* ETExpandableTreeViewDelegate.mm */; };
/* End PBXBuildFile section */

/* Begin PBXFileReference section */
		53A30F4514AB15D100EE9299 /* ExpandableTree.h */ = {isa = PBXFileReference; fileEncoding = 4; lastKnownFileType = sourcecode.c.h; path = ExpandableTree.h; sourceTree = "<group>"; };
		53A30F5614AB163D00EE9299 /* libExpandableTree-clang.a */ = {isa = PBXFileReference; explicitFileType = archive.ar; includeInIndex = 0; path = "libExpandableTree-clang.a"; sourceTree = BUILT_PRODUCTS_DIR; };
		53A30F6414AB2B6E00EE9299 /* ETExpandableTreeView+Testing.h */ = {isa = PBXFileReference; fileEncoding = 4; lastKnownFileType = sourcecode.c.h; path = "ETExpandableTreeView+Testing.h"; sourceTree = "<group>"; };
		53A30F6514AB2B6E00EE9299 /* ETExpandableTreeView+Testing.mm */ = {isa = PBXFileReference; fileEncoding = 4; lastKnownFileType = sourcecode.cpp.objcpp; path = "ETExpandableTreeView+Testing.mm"; sourceTree = "<group>"; };
		94A23F6D14AA3F940071BE71 /* libExpandableTree.a */ = {isa = PBXFileReference; explicitFileType = archive.ar; includeInIndex = 0; path = libExpandableTree.a; sourceTree = BUILT_PRODUCTS_DIR; };
		94A23F7014AA3F940071BE71 /* Foundation.framework */ = {isa = PBXFileReference; lastKnownFileType = wrapper.framework; name = Foundation.framework; path = System/Library/Frameworks/Foundation.framework; sourceTree = SDKROOT; };
		94A23F7414AA3F940071BE71 /* ExpandableTree-Prefix.pch */ = {isa = PBXFileReference; lastKnownFileType = sourcecode.c.h; path = "ExpandableTree-Prefix.pch"; sourceTree = "<group>"; };
		94A23FC514AA425F0071BE71 /* ETExpandableTreeView.h */ = {isa = PBXFileReference; fileEncoding = 4; lastKnownFileType = sourcecode.c.h; path = ETExpandableTreeView.h; sourceTree = "<group>"; };
		94A23FC614AA425F0071BE71 /* ETExpandableTreeView.mm */ = {isa = PBXFileReference; fileEncoding = 4; lastKnownFileType = sourcecode.cpp.objcpp; path = ETExpandableTreeView.mm; sourceTree = "<group>"; };
		94A2405A14AA4F7C0071BE71 /* ETExpandableTreeViewDataSource.h */ = {isa = PBXFileReference; fileEncoding = 4; lastKnownFileType = sourcecode.c.h; path = ETExpandableTreeViewDataSource.h; sourceTree = "<group>"; };
		94A2405C14AA4F7C0071BE71 /* ETExpandableTreeViewDelegate.h */ = {isa = PBXFileReference; fileEncoding = 4; lastKnownFileType = sourcecode.c.h; path = ETExpandableTreeViewDelegate.h; sourceTree = "<group>"; };
		94A2405D14AA4F7C0071BE71 /* ETExpandableTreeViewDelegate.mm */ = {isa = PBXFileReference; fileEncoding = 4; lastKnownFileType = sourcecode.cpp.objcpp; path = ETExpandableTreeViewDelegate.mm; sourceTree = "<group>"; };
/* End PBXFileReference section */

/* Begin PBXFrameworksBuildPhase section */
		53A30F4C14AB163D00EE9299 /* Frameworks */ = {
			isa = PBXFrameworksBuildPhase;
			buildActionMask = 2147483647;
			files = (
				53A30F4D14AB163D00EE9299 /* Foundation.framework in Frameworks */,
			);
			runOnlyForDeploymentPostprocessing = 0;
		};
		94A23F6A14AA3F940071BE71 /* Frameworks */ = {
			isa = PBXFrameworksBuildPhase;
			buildActionMask = 2147483647;
			files = (
				94A23F7114AA3F940071BE71 /* Foundation.framework in Frameworks */,
			);
			runOnlyForDeploymentPostprocessing = 0;
		};
/* End PBXFrameworksBuildPhase section */

/* Begin PBXGroup section */
		53A30F6314AB2B3900EE9299 /* Detail */ = {
			isa = PBXGroup;
			children = (
				53A30F6414AB2B6E00EE9299 /* ETExpandableTreeView+Testing.h */,
				53A30F6514AB2B6E00EE9299 /* ETExpandableTreeView+Testing.mm */,
			);
			path = Detail;
			sourceTree = "<group>";
		};
		94A23F6214AA3F940071BE71 = {
			isa = PBXGroup;
			children = (
				53A30F4514AB15D100EE9299 /* ExpandableTree.h */,
				94A23F7D14AA3FAB0071BE71 /* Sources */,
				94A23F7314AA3F940071BE71 /* Supporting Files */,
				94A23F6F14AA3F940071BE71 /* Frameworks */,
				94A23F6E14AA3F940071BE71 /* Products */,
			);
			sourceTree = "<group>";
		};
		94A23F6E14AA3F940071BE71 /* Products */ = {
			isa = PBXGroup;
			children = (
				94A23F6D14AA3F940071BE71 /* libExpandableTree.a */,
				53A30F5614AB163D00EE9299 /* libExpandableTree-clang.a */,
			);
			name = Products;
			sourceTree = "<group>";
		};
		94A23F6F14AA3F940071BE71 /* Frameworks */ = {
			isa = PBXGroup;
			children = (
				94A23F7014AA3F940071BE71 /* Foundation.framework */,
			);
			name = Frameworks;
			sourceTree = "<group>";
		};
		94A23F7314AA3F940071BE71 /* Supporting Files */ = {
			isa = PBXGroup;
			children = (
				94A23F7414AA3F940071BE71 /* ExpandableTree-Prefix.pch */,
			);
			name = "Supporting Files";
			path = ExpandableTree;
			sourceTree = "<group>";
		};
		94A23F7D14AA3FAB0071BE71 /* Sources */ = {
			isa = PBXGroup;
			children = (
				53A30F6314AB2B3900EE9299 /* Detail */,
				94A23FC514AA425F0071BE71 /* ETExpandableTreeView.h */,
				94A23FC614AA425F0071BE71 /* ETExpandableTreeView.mm */,
				94A2405A14AA4F7C0071BE71 /* ETExpandableTreeViewDataSource.h */,
				94A2405C14AA4F7C0071BE71 /* ETExpandableTreeViewDelegate.h */,
				94A2405D14AA4F7C0071BE71 /* ETExpandableTreeViewDelegate.mm */,
			);
			name = Sources;
			sourceTree = "<group>";
		};
/* End PBXGroup section */

/* Begin PBXHeadersBuildPhase section */
		53A30F4E14AB163D00EE9299 /* Headers */ = {
			isa = PBXHeadersBuildPhase;
			buildActionMask = 2147483647;
			files = (
				53A30F4F14AB163D00EE9299 /* ETExpandableTreeView.h in Headers */,
				53A30F5014AB163D00EE9299 /* ETExpandableTreeViewDataSource.h in Headers */,
				53A30F5114AB163D00EE9299 /* ETExpandableTreeViewDelegate.h in Headers */,
				53A30F5214AB163D00EE9299 /* ExpandableTree.h in Headers */,
				53A30F6714AB2B6E00EE9299 /* ETExpandableTreeView+Testing.h in Headers */,
			);
			runOnlyForDeploymentPostprocessing = 0;
		};
		94A23F6B14AA3F940071BE71 /* Headers */ = {
			isa = PBXHeadersBuildPhase;
			buildActionMask = 2147483647;
			files = (
				94A23FC714AA425F0071BE71 /* ETExpandableTreeView.h in Headers */,
				94A2405E14AA4F7C0071BE71 /* ETExpandableTreeViewDataSource.h in Headers */,
				94A2406014AA4F7C0071BE71 /* ETExpandableTreeViewDelegate.h in Headers */,
				53A30F4614AB15D100EE9299 /* ExpandableTree.h in Headers */,
				53A30F6614AB2B6E00EE9299 /* ETExpandableTreeView+Testing.h in Headers */,
			);
			runOnlyForDeploymentPostprocessing = 0;
		};
/* End PBXHeadersBuildPhase section */

/* Begin PBXNativeTarget section */
		53A30F4814AB163D00EE9299 /* ExpandableTree-clang */ = {
			isa = PBXNativeTarget;
			buildConfigurationList = 53A30F5314AB163D00EE9299 /* Build configuration list for PBXNativeTarget "ExpandableTree-clang" */;
			buildPhases = (
				53A30F4914AB163D00EE9299 /* Sources */,
				53A30F4C14AB163D00EE9299 /* Frameworks */,
				53A30F4E14AB163D00EE9299 /* Headers */,
			);
			buildRules = (
			);
			dependencies = (
			);
			name = "ExpandableTree-clang";
			productName = ExpandableTree;
			productReference = 53A30F5614AB163D00EE9299 /* libExpandableTree-clang.a */;
			productType = "com.apple.product-type.library.static";
		};
		94A23F6C14AA3F940071BE71 /* ExpandableTree */ = {
			isa = PBXNativeTarget;
			buildConfigurationList = 94A23F7A14AA3F940071BE71 /* Build configuration list for PBXNativeTarget "ExpandableTree" */;
			buildPhases = (
				94A23F6914AA3F940071BE71 /* Sources */,
				94A23F6A14AA3F940071BE71 /* Frameworks */,
				94A23F6B14AA3F940071BE71 /* Headers */,
			);
			buildRules = (
			);
			dependencies = (
			);
			name = ExpandableTree;
			productName = ExpandableTree;
			productReference = 94A23F6D14AA3F940071BE71 /* libExpandableTree.a */;
			productType = "com.apple.product-type.library.static";
		};
/* End PBXNativeTarget section */

/* Begin PBXProject section */
		94A23F6414AA3F940071BE71 /* Project object */ = {
			isa = PBXProject;
			attributes = {
				LastUpgradeCheck = 0420;
				ORGANIZATIONNAME = "EPAM Systems";
			};
			buildConfigurationList = 94A23F6714AA3F940071BE71 /* Build configuration list for PBXProject "ExpandableTree" */;
			compatibilityVersion = "Xcode 3.2";
			developmentRegion = English;
			hasScannedForEncodings = 0;
			knownRegions = (
				en,
			);
			mainGroup = 94A23F6214AA3F940071BE71;
			productRefGroup = 94A23F6E14AA3F940071BE71 /* Products */;
			projectDirPath = "";
			projectRoot = "";
			targets = (
				94A23F6C14AA3F940071BE71 /* ExpandableTree */,
				53A30F4814AB163D00EE9299 /* ExpandableTree-clang */,
			);
		};
/* End PBXProject section */

/* Begin PBXSourcesBuildPhase section */
		53A30F4914AB163D00EE9299 /* Sources */ = {
			isa = PBXSourcesBuildPhase;
			buildActionMask = 2147483647;
			files = (
				53A30F4A14AB163D00EE9299 /* ETExpandableTreeView.mm in Sources */,
				53A30F4B14AB163D00EE9299 /* ETExpandableTreeViewDelegate.mm in Sources */,
				53A30F6914AB2B6E00EE9299 /* ETExpandableTreeView+Testing.mm in Sources */,
			);
			runOnlyForDeploymentPostprocessing = 0;
		};
		94A23F6914AA3F940071BE71 /* Sources */ = {
			isa = PBXSourcesBuildPhase;
			buildActionMask = 2147483647;
			files = (
				94A23FC814AA425F0071BE71 /* ETExpandableTreeView.mm in Sources */,
				94A2406114AA4F7C0071BE71 /* ETExpandableTreeViewDelegate.mm in Sources */,
				53A30F6814AB2B6E00EE9299 /* ETExpandableTreeView+Testing.mm in Sources */,
			);
			runOnlyForDeploymentPostprocessing = 0;
		};
/* End PBXSourcesBuildPhase section */

/* Begin XCBuildConfiguration section */
		53A30F5414AB163D00EE9299 /* Debug */ = {
			isa = XCBuildConfiguration;
			buildSettings = {
				DSTROOT = /tmp/ExpandableTree.dst;
				GCC_PRECOMPILE_PREFIX_HEADER = YES;
				GCC_PREFIX_HEADER = "ExpandableTree/ExpandableTree-Prefix.pch";
				OTHER_LDFLAGS = (
					"-ObjC",
					"-all_load",
				);
				PRODUCT_NAME = "ExpandableTree-clang";
				RUN_CLANG_STATIC_ANALYZER = YES;
				SKIP_INSTALL = YES;
			};
			name = Debug;
		};
		53A30F5514AB163D00EE9299 /* Release */ = {
			isa = XCBuildConfiguration;
			buildSettings = {
				DSTROOT = /tmp/ExpandableTree.dst;
				GCC_PRECOMPILE_PREFIX_HEADER = YES;
				GCC_PREFIX_HEADER = "ExpandableTree/ExpandableTree-Prefix.pch";
				OTHER_LDFLAGS = (
					"-ObjC",
					"-all_load",
				);
				PRODUCT_NAME = "ExpandableTree-clang";
				RUN_CLANG_STATIC_ANALYZER = YES;
				SKIP_INSTALL = YES;
			};
			name = Release;
		};
		94A23F7814AA3F940071BE71 /* Debug */ = {
			isa = XCBuildConfiguration;
			buildSettings = {
				ALWAYS_SEARCH_USER_PATHS = NO;
				ARCHS = "$(ARCHS_STANDARD_32_BIT)";
				CLANG_ENABLE_OBJC_ARC = YES;
				COPY_PHASE_STRIP = NO;
				GCC_C_LANGUAGE_STANDARD = gnu99;
				GCC_DYNAMIC_NO_PIC = NO;
				GCC_OPTIMIZATION_LEVEL = 0;
				GCC_PREPROCESSOR_DEFINITIONS = (
					"DEBUG=1",
					"$(inherited)",
				);
				GCC_SYMBOLS_PRIVATE_EXTERN = NO;
				GCC_VERSION = com.apple.compilers.llvm.clang.1_0;
				GCC_WARN_ABOUT_MISSING_PROTOTYPES = YES;
				GCC_WARN_ABOUT_RETURN_TYPE = YES;
				GCC_WARN_UNUSED_VARIABLE = YES;
				HEADER_SEARCH_PATHS = ..;
				IPHONEOS_DEPLOYMENT_TARGET = 5.0;
				SDKROOT = iphoneos;
			};
			name = Debug;
		};
		94A23F7914AA3F940071BE71 /* Release */ = {
			isa = XCBuildConfiguration;
			buildSettings = {
				ALWAYS_SEARCH_USER_PATHS = NO;
				ARCHS = "$(ARCHS_STANDARD_32_BIT)";
				CLANG_ENABLE_OBJC_ARC = YES;
				COPY_PHASE_STRIP = YES;
				GCC_C_LANGUAGE_STANDARD = gnu99;
				GCC_VERSION = com.apple.compilers.llvm.clang.1_0;
				GCC_WARN_ABOUT_MISSING_PROTOTYPES = YES;
				GCC_WARN_ABOUT_RETURN_TYPE = YES;
				GCC_WARN_UNUSED_VARIABLE = YES;
				HEADER_SEARCH_PATHS = ..;
				IPHONEOS_DEPLOYMENT_TARGET = 5.0;
				SDKROOT = iphoneos;
				VALIDATE_PRODUCT = YES;
			};
			name = Release;
		};
		94A23F7B14AA3F940071BE71 /* Debug */ = {
			isa = XCBuildConfiguration;
			buildSettings = {
				DSTROOT = /tmp/ExpandableTree.dst;
				GCC_PRECOMPILE_PREFIX_HEADER = YES;
				GCC_PREFIX_HEADER = "ExpandableTree/ExpandableTree-Prefix.pch";
				OTHER_LDFLAGS = (
					"-ObjC",
					"-all_load",
				);
				PRODUCT_NAME = "$(TARGET_NAME)";
				SKIP_INSTALL = YES;
			};
			name = Debug;
		};
		94A23F7C14AA3F940071BE71 /* Release */ = {
			isa = XCBuildConfiguration;
			buildSettings = {
				DSTROOT = /tmp/ExpandableTree.dst;
				GCC_PRECOMPILE_PREFIX_HEADER = YES;
				GCC_PREFIX_HEADER = "ExpandableTree/ExpandableTree-Prefix.pch";
				OTHER_LDFLAGS = (
					"-ObjC",
					"-all_load",
				);
				PRODUCT_NAME = "$(TARGET_NAME)";
				SKIP_INSTALL = YES;
			};
			name = Release;
		};
/* End XCBuildConfiguration section */

/* Begin XCConfigurationList section */
		53A30F5314AB163D00EE9299 /* Build configuration list for PBXNativeTarget "ExpandableTree-clang" */ = {
			isa = XCConfigurationList;
			buildConfigurations = (
				53A30F5414AB163D00EE9299 /* Debug */,
				53A30F5514AB163D00EE9299 /* Release */,
			);
			defaultConfigurationIsVisible = 0;
			defaultConfigurationName = Release;
		};
		94A23F6714AA3F940071BE71 /* Build configuration list for PBXProject "ExpandableTree" */ = {
			isa = XCConfigurationList;
			buildConfigurations = (
				94A23F7814AA3F940071BE71 /* Debug */,
				94A23F7914AA3F940071BE71 /* Release */,
			);
			defaultConfigurationIsVisible = 0;
			defaultConfigurationName = Release;
		};
		94A23F7A14AA3F940071BE71 /* Build configuration list for PBXNativeTarget "ExpandableTree" */ = {
			isa = XCConfigurationList;
			buildConfigurations = (
				94A23F7B14AA3F940071BE71 /* Debug */,
				94A23F7C14AA3F940071BE71 /* Release */,
			);
			defaultConfigurationIsVisible = 0;
			defaultConfigurationName = Release;
		};
/* End XCConfigurationList section */
	};
	rootObject = 94A23F6414AA3F940071BE71 /* Project object */;
}
