// !$*UTF8*$!
{
	archiveVersion = 1;
	classes = {
	};
	objectVersion = 46;
	objects = {

/* Begin PBXBuildFile section */
		53A30F7F14AB3CF400EE9299 /* Foundation.framework in Frameworks */ = {isa = PBXBuildFile; fileRef = 53A30F7E14AB3CF400EE9299 /* Foundation.framework */; };
		53A30F9714AB3E2E00EE9299 /* ETVNoArcStubDataSource.h in Headers */ = {isa = PBXBuildFile; fileRef = 53A30F9514AB3E2E00EE9299 /* ETVNoArcStubDataSource.h */; };
		53A30F9814AB3E2E00EE9299 /* ETVNoArcStubDataSource.mm in Sources */ = {isa = PBXBuildFile; fileRef = 53A30F9614AB3E2E00EE9299 /* ETVNoArcStubDataSource.mm */; };
/* End PBXBuildFile section */

/* Begin PBXFileReference section */
		53A30F7B14AB3CF400EE9299 /* libStubNonArcLibrary.a */ = {isa = PBXFileReference; explicitFileType = archive.ar; includeInIndex = 0; path = libStubNonArcLibrary.a; sourceTree = BUILT_PRODUCTS_DIR; };
		53A30F7E14AB3CF400EE9299 /* Foundation.framework */ = {isa = PBXFileReference; lastKnownFileType = wrapper.framework; name = Foundation.framework; path = System/Library/Frameworks/Foundation.framework; sourceTree = SDKROOT; };
		53A30F8214AB3CF400EE9299 /* StubNonArcLibrary-Prefix.pch */ = {isa = PBXFileReference; lastKnownFileType = sourcecode.c.h; path = "StubNonArcLibrary-Prefix.pch"; sourceTree = "<group>"; };
		53A30F9514AB3E2E00EE9299 /* ETVNoArcStubDataSource.h */ = {isa = PBXFileReference; fileEncoding = 4; lastKnownFileType = sourcecode.c.h; path = ETVNoArcStubDataSource.h; sourceTree = SOURCE_ROOT; };
		53A30F9614AB3E2E00EE9299 /* ETVNoArcStubDataSource.mm */ = {isa = PBXFileReference; fileEncoding = 4; lastKnownFileType = sourcecode.cpp.objcpp; path = ETVNoArcStubDataSource.mm; sourceTree = SOURCE_ROOT; };
/* End PBXFileReference section */

/* Begin PBXFrameworksBuildPhase section */
		53A30F7814AB3CF400EE9299 /* Frameworks */ = {
			isa = PBXFrameworksBuildPhase;
			buildActionMask = 2147483647;
			files = (
				53A30F7F14AB3CF400EE9299 /* Foundation.framework in Frameworks */,
			);
			runOnlyForDeploymentPostprocessing = 0;
		};
/* End PBXFrameworksBuildPhase section */

/* Begin PBXGroup section */
		53A30F7014AB3CF400EE9299 = {
			isa = PBXGroup;
			children = (
				53A30F8014AB3CF400EE9299 /* StubNonArcLibrary */,
				53A30F7D14AB3CF400EE9299 /* Frameworks */,
				53A30F7C14AB3CF400EE9299 /* Products */,
			);
			sourceTree = "<group>";
		};
		53A30F7C14AB3CF400EE9299 /* Products */ = {
			isa = PBXGroup;
			children = (
				53A30F7B14AB3CF400EE9299 /* libStubNonArcLibrary.a */,
			);
			name = Products;
			sourceTree = "<group>";
		};
		53A30F7D14AB3CF400EE9299 /* Frameworks */ = {
			isa = PBXGroup;
			children = (
				53A30F7E14AB3CF400EE9299 /* Foundation.framework */,
			);
			name = Frameworks;
			sourceTree = "<group>";
		};
		53A30F8014AB3CF400EE9299 /* StubNonArcLibrary */ = {
			isa = PBXGroup;
			children = (
				53A30F9514AB3E2E00EE9299 /* ETVNoArcStubDataSource.h */,
				53A30F9614AB3E2E00EE9299 /* ETVNoArcStubDataSource.mm */,
				53A30F8114AB3CF400EE9299 /* Supporting Files */,
			);
			path = StubNonArcLibrary;
			sourceTree = "<group>";
		};
		53A30F8114AB3CF400EE9299 /* Supporting Files */ = {
			isa = PBXGroup;
			children = (
				53A30F8214AB3CF400EE9299 /* StubNonArcLibrary-Prefix.pch */,
			);
			name = "Supporting Files";
			sourceTree = "<group>";
		};
/* End PBXGroup section */

/* Begin PBXHeadersBuildPhase section */
		53A30F7914AB3CF400EE9299 /* Headers */ = {
			isa = PBXHeadersBuildPhase;
			buildActionMask = 2147483647;
			files = (
				53A30F9714AB3E2E00EE9299 /* ETVNoArcStubDataSource.h in Headers */,
			);
			runOnlyForDeploymentPostprocessing = 0;
		};
/* End PBXHeadersBuildPhase section */

/* Begin PBXNativeTarget section */
		53A30F7A14AB3CF400EE9299 /* StubNonArcLibrary */ = {
			isa = PBXNativeTarget;
			buildConfigurationList = 53A30F8814AB3CF500EE9299 /* Build configuration list for PBXNativeTarget "StubNonArcLibrary" */;
			buildPhases = (
				53A30F7714AB3CF400EE9299 /* Sources */,
				53A30F7814AB3CF400EE9299 /* Frameworks */,
				53A30F7914AB3CF400EE9299 /* Headers */,
			);
			buildRules = (
			);
			dependencies = (
			);
			name = StubNonArcLibrary;
			productName = StubNonArcLibrary;
			productReference = 53A30F7B14AB3CF400EE9299 /* libStubNonArcLibrary.a */;
			productType = "com.apple.product-type.library.static";
		};
/* End PBXNativeTarget section */

/* Begin PBXProject section */
		53A30F7214AB3CF400EE9299 /* Project object */ = {
			isa = PBXProject;
			attributes = {
				LastUpgradeCheck = 0420;
				ORGANIZATIONNAME = "EPAM systems";
			};
			buildConfigurationList = 53A30F7514AB3CF400EE9299 /* Build configuration list for PBXProject "StubNonArcLibrary" */;
			compatibilityVersion = "Xcode 3.2";
			developmentRegion = English;
			hasScannedForEncodings = 0;
			knownRegions = (
				en,
			);
			mainGroup = 53A30F7014AB3CF400EE9299;
			productRefGroup = 53A30F7C14AB3CF400EE9299 /* Products */;
			projectDirPath = "";
			projectRoot = "";
			targets = (
				53A30F7A14AB3CF400EE9299 /* StubNonArcLibrary */,
			);
		};
/* End PBXProject section */

/* Begin PBXSourcesBuildPhase section */
		53A30F7714AB3CF400EE9299 /* Sources */ = {
			isa = PBXSourcesBuildPhase;
			buildActionMask = 2147483647;
			files = (
				53A30F9814AB3E2E00EE9299 /* ETVNoArcStubDataSource.mm in Sources */,
			);
			runOnlyForDeploymentPostprocessing = 0;
		};
/* End PBXSourcesBuildPhase section */

/* Begin XCBuildConfiguration section */
		53A30F8614AB3CF500EE9299 /* Debug */ = {
			isa = XCBuildConfiguration;
			buildSettings = {
				ALWAYS_SEARCH_USER_PATHS = NO;
				ARCHS = "$(ARCHS_STANDARD_32_BIT)";
				COPY_PHASE_STRIP = NO;
				GCC_C_LANGUAGE_STANDARD = gnu99;
				GCC_DYNAMIC_NO_PIC = NO;
				GCC_OPTIMIZATION_LEVEL = 0;
				GCC_PREPROCESSOR_DEFINITIONS = (
					"DEBUG=1",
					"$(inherited)",
				);
				GCC_SYMBOLS_PRIVATE_EXTERN = NO;
				GCC_VERSION = com.apple.compilers.llvm.clang.1_0;
				GCC_WARN_ABOUT_MISSING_PROTOTYPES = YES;
				GCC_WARN_ABOUT_RETURN_TYPE = YES;
				GCC_WARN_UNUSED_VARIABLE = YES;
				HEADER_SEARCH_PATHS = ../../lib;
				IPHONEOS_DEPLOYMENT_TARGET = 5.0;
				SDKROOT = iphoneos;
			};
			name = Debug;
		};
		53A30F8714AB3CF500EE9299 /* Release */ = {
			isa = XCBuildConfiguration;
			buildSettings = {
				ALWAYS_SEARCH_USER_PATHS = NO;
				ARCHS = "$(ARCHS_STANDARD_32_BIT)";
				COPY_PHASE_STRIP = YES;
				GCC_C_LANGUAGE_STANDARD = gnu99;
				GCC_VERSION = com.apple.compilers.llvm.clang.1_0;
				GCC_WARN_ABOUT_MISSING_PROTOTYPES = YES;
				GCC_WARN_ABOUT_RETURN_TYPE = YES;
				GCC_WARN_UNUSED_VARIABLE = YES;
				HEADER_SEARCH_PATHS = ../../lib;
				IPHONEOS_DEPLOYMENT_TARGET = 5.0;
				SDKROOT = iphoneos;
				VALIDATE_PRODUCT = YES;
			};
			name = Release;
		};
		53A30F8914AB3CF500EE9299 /* Debug */ = {
			isa = XCBuildConfiguration;
			buildSettings = {
				DSTROOT = /tmp/StubNonArcLibrary.dst;
				GCC_PRECOMPILE_PREFIX_HEADER = YES;
				GCC_PREFIX_HEADER = "StubNonArcLibrary/StubNonArcLibrary-Prefix.pch";
				OTHER_LDFLAGS = "-ObjC";
				PRODUCT_NAME = "$(TARGET_NAME)";
				SKIP_INSTALL = YES;
			};
			name = Debug;
		};
		53A30F8A14AB3CF500EE9299 /* Release */ = {
			isa = XCBuildConfiguration;
			buildSettings = {
				DSTROOT = /tmp/StubNonArcLibrary.dst;
				GCC_PRECOMPILE_PREFIX_HEADER = YES;
				GCC_PREFIX_HEADER = "StubNonArcLibrary/StubNonArcLibrary-Prefix.pch";
				OTHER_LDFLAGS = "-ObjC";
				PRODUCT_NAME = "$(TARGET_NAME)";
				SKIP_INSTALL = YES;
			};
			name = Release;
		};
/* End XCBuildConfiguration section */

/* Begin XCConfigurationList section */
		53A30F7514AB3CF400EE9299 /* Build configuration list for PBXProject "StubNonArcLibrary" */ = {
			isa = XCConfigurationList;
			buildConfigurations = (
				53A30F8614AB3CF500EE9299 /* Debug */,
				53A30F8714AB3CF500EE9299 /* Release */,
			);
			defaultConfigurationIsVisible = 0;
			defaultConfigurationName = Release;
		};
		53A30F8814AB3CF500EE9299 /* Build configuration list for PBXNativeTarget "StubNonArcLibrary" */ = {
			isa = XCConfigurationList;
			buildConfigurations = (
				53A30F8914AB3CF500EE9299 /* Debug */,
				53A30F8A14AB3CF500EE9299 /* Release */,
			);
			defaultConfigurationIsVisible = 0;
		};
/* End XCConfigurationList section */
	};
	rootObject = 53A30F7214AB3CF400EE9299 /* Project object */;
}
